<?xml version="1.0" encoding="utf-8"?>
<Project ToolsVersion="4.0" xmlns="http://schemas.microsoft.com/developer/msbuild/2003">
  <ItemGroup>
    <Filter Include="Source Files">
      <UniqueIdentifier>{4FC737F1-C7A5-4376-A066-2A32D752A2FF}</UniqueIdentifier>
      <Extensions>cpp;c;cc;cxx;c++;cppm;ixx;def;odl;idl;hpj;bat;asm;asmx</Extensions>
    </Filter>
    <Filter Include="Header Files">
      <UniqueIdentifier>{93995380-89BD-4b04-88EB-625FBE52EBFB}</UniqueIdentifier>
      <Extensions>h;hh;hpp;hxx;h++;hm;inl;inc;ipp;xsd</Extensions>
    </Filter>
    <Filter Include="Set1">
      <UniqueIdentifier>{674b9a21-79c7-4111-b296-d0306229bbce}</UniqueIdentifier>
    </Filter>
    <Filter Include="Challenge Data">
      <UniqueIdentifier>{064117ee-ab02-42ef-a0d7-57c85cec65b5}</UniqueIdentifier>
    </Filter>
    <Filter Include="Set2">
      <UniqueIdentifier>{39d09b99-1001-40ce-8306-7a419e8a6473}</UniqueIdentifier>
    </Filter>
  </ItemGroup>
  <ItemGroup>
    <ClCompile Include="main.cpp">
      <Filter>Source Files</Filter>
    </ClCompile>
    <ClCompile Include="challenge1.cpp">
      <Filter>Set1</Filter>
    </ClCompile>
    <ClCompile Include="encoding_utils.cpp">
      <Filter>Source Files</Filter>
    </ClCompile>
    <ClCompile Include="challenge2.cpp">
      <Filter>Set1</Filter>
    </ClCompile>
    <ClCompile Include="challenge3.cpp">
      <Filter>Set1</Filter>
    </ClCompile>
    <ClCompile Include="heuristic.cpp">
      <Filter>Source Files</Filter>
    </ClCompile>
    <ClCompile Include="challenge4.cpp">
      <Filter>Set1</Filter>
    </ClCompile>
    <ClCompile Include="challenge5.cpp">
      <Filter>Set1</Filter>
    </ClCompile>
    <ClCompile Include="challenge6.cpp">
      <Filter>Set1</Filter>
    </ClCompile>
    <ClCompile Include="challenge7.cpp">
      <Filter>Set1</Filter>
    </ClCompile>
    <ClCompile Include="aes.cpp">
      <Filter>Source Files</Filter>
    </ClCompile>
    <ClCompile Include="challenge8.cpp">
      <Filter>Set1</Filter>
    </ClCompile>
    <ClCompile Include="challenge9.cpp">
      <Filter>Set2</Filter>
    </ClCompile>
    <ClCompile Include="print_utils.h">
      <Filter>Header Files</Filter>
    </ClCompile>
    <ClCompile Include="print_utils.cpp">
      <Filter>Source Files</Filter>
    </ClCompile>
    <ClCompile Include="challenge10.cpp">
      <Filter>Set2</Filter>
    </ClCompile>
  </ItemGroup>
  <ItemGroup>
    <ClInclude Include="challenges.h">
      <Filter>Header Files</Filter>
    </ClInclude>
    <ClInclude Include="encoding_utils.h">
      <Filter>Header Files</Filter>
    </ClInclude>
    <ClInclude Include="heuristic.h">
      <Filter>Header Files</Filter>
    </ClInclude>
    <ClInclude Include="aes.h">
      <Filter>Header Files</Filter>
    </ClInclude>
  </ItemGroup>
  <ItemGroup>
    <Text Include="4.txt">
      <Filter>Challenge Data</Filter>
    </Text>
    <Text Include="6.txt">
      <Filter>Challenge Data</Filter>
    </Text>
    <Text Include="7.txt">
      <Filter>Challenge Data</Filter>
    </Text>
    <Text Include="8.txt">
      <Filter>Challenge Data</Filter>
    </Text>
    <Text Include="10.txt">
      <Filter>Challenge Data</Filter>
    </Text>
  </ItemGroup>
</Project>